
Microsoft Visual Studio Solution File, Format Version 12.00
# Visual Studio 15
VisualStudioVersion = 15.0.27130.2010
MinimumVisualStudioVersion = 10.0.40219.1
Project("{9A19103F-16F7-4668-BE54-9A1E7A4F7556}") = "Bot.Rasa", "Bot.Rasa\Bot.Rasa.csproj", "{8E57A9A5-EB37-4F83-93FE-3324A069B568}"
EndProject
Project("{9A19103F-16F7-4668-BE54-9A1E7A4F7556}") = "Bot.UnitTest", "Bot.UnitTest\Bot.UnitTest.csproj", "{90705625-1342-4ED8-A05B-46C720D20EE4}"
EndProject
Project("{9A19103F-16F7-4668-BE54-9A1E7A4F7556}") = "Bot.Rasa.RestApi", "Bot.Rasa.RestApi\Bot.Rasa.RestApi.csproj", "{310EECBB-8B77-4F4A-A09C-6B5EED29155E}"
EndProject
Project("{FAE04EC0-301F-11D3-BF4B-00C04F79EFBC}") = "Bot.WebStarter", "Bot.WebStarter\Bot.WebStarter.csproj", "{ACBEB546-00AB-4EB7-8DBF-4BFF722FC9EA}"
EndProject
Global
	GlobalSection(SolutionConfigurationPlatforms) = preSolution
		Debug|Any CPU = Debug|Any CPU
		Release|Any CPU = Release|Any CPU
	EndGlobalSection
	GlobalSection(ProjectConfigurationPlatforms) = postSolution
		{8E57A9A5-EB37-4F83-93FE-3324A069B568}.Debug|Any CPU.ActiveCfg = Debug|Any CPU
		{8E57A9A5-EB37-4F83-93FE-3324A069B568}.Debug|Any CPU.Build.0 = Debug|Any CPU
		{8E57A9A5-EB37-4F83-93FE-3324A069B568}.Release|Any CPU.ActiveCfg = Release|Any CPU
		{8E57A9A5-EB37-4F83-93FE-3324A069B568}.Release|Any CPU.Build.0 = Release|Any CPU
		{90705625-1342-4ED8-A05B-46C720D20EE4}.Debug|Any CPU.ActiveCfg = Debug|Any CPU
		{90705625-1342-4ED8-A05B-46C720D20EE4}.Debug|Any CPU.Build.0 = Debug|Any CPU
		{90705625-1342-4ED8-A05B-46C720D20EE4}.Release|Any CPU.ActiveCfg = Release|Any CPU
		{90705625-1342-4ED8-A05B-46C720D20EE4}.Release|Any CPU.Build.0 = Release|Any CPU
		{310EECBB-8B77-4F4A-A09C-6B5EED29155E}.Debug|Any CPU.ActiveCfg = Debug|Any CPU
		{310EECBB-8B77-4F4A-A09C-6B5EED29155E}.Debug|Any CPU.Build.0 = Debug|Any CPU
		{310EECBB-8B77-4F4A-A09C-6B5EED29155E}.Release|Any CPU.ActiveCfg = Release|Any CPU
		{310EECBB-8B77-4F4A-A09C-6B5EED29155E}.Release|Any CPU.Build.0 = Release|Any CPU
		{ACBEB546-00AB-4EB7-8DBF-4BFF722FC9EA}.Debug|Any CPU.ActiveCfg = Debug|Any CPU
		{ACBEB546-00AB-4EB7-8DBF-4BFF722FC9EA}.Debug|Any CPU.Build.0 = Debug|Any CPU
		{ACBEB546-00AB-4EB7-8DBF-4BFF722FC9EA}.Release|Any CPU.ActiveCfg = Release|Any CPU
		{ACBEB546-00AB-4EB7-8DBF-4BFF722FC9EA}.Release|Any CPU.Build.0 = Release|Any CPU
	EndGlobalSection
	GlobalSection(SolutionProperties) = preSolution
		HideSolutionNode = FALSE
	EndGlobalSection
	GlobalSection(ExtensibilityGlobals) = postSolution
		SolutionGuid = {A9969D89-C98B-40A5-A12B-FC87E55B3A19}
	EndGlobalSection
EndGlobal
