
Microsoft Visual Studio Solution File, Format Version 12.00
# Visual Studio Version 17
VisualStudioVersion = 17.6.33712.159
MinimumVisualStudioVersion = 10.0.40219.1
Project("{2150E333-8FDC-42A3-9474-1A3956D46DE8}") = "Channels", "Channels", "{FC2A12DB-AC88-41E4-A58C-9EEC6DAD91E1}"
EndProject
Project("{2150E333-8FDC-42A3-9474-1A3956D46DE8}") = "Platforms", "Platforms", "{FFA662D3-B67B-478D-92FC-76DC5EB64412}"
EndProject
Project("{2150E333-8FDC-42A3-9474-1A3956D46DE8}") = "Infrastructure", "Infrastructure", "{E29DC6C4-5E57-48C5-BCB0-6B8F84782749}"
EndProject
Project("{9A19103F-16F7-4668-BE54-9A1E7A4F7556}") = "BotSharp.Core", "Infrastructure\BotSharp.Core\BotSharp.Core.csproj", "{EAE30548-2631-4CF5-8EBC-DBF061E169B7}"
EndProject
Project("{9A19103F-16F7-4668-BE54-9A1E7A4F7556}") = "BotSharp.WebApi", "Infrastructure\BotSharp.WebApi\BotSharp.WebApi.csproj", "{89D4AE72-81BE-4A48-A868-E344D91CDCB9}"
EndProject
Project("{9A19103F-16F7-4668-BE54-9A1E7A4F7556}") = "BotSharp.Abstraction", "Infrastructure\BotSharp.Abstraction\BotSharp.Abstraction.csproj", "{DDBFBB8C-106C-497F-8158-E50560814B07}"
EndProject
Project("{9A19103F-16F7-4668-BE54-9A1E7A4F7556}") = "BotSharp.Platform.OpenAi", "Platforms\BotSharp.Platform.OpenAi\BotSharp.Platform.OpenAi.csproj", "{73258881-906C-4014-9453-614A98852733}"
EndProject
Project("{9A19103F-16F7-4668-BE54-9A1E7A4F7556}") = "BotSharp.Channel.FacebookMessenger", "Channels\BotSharp.Channel.FacebookMessenger\BotSharp.Channel.FacebookMessenger.csproj", "{250B37D3-381E-4A08-9161-55A27FA9075F}"
EndProject
Project("{9A19103F-16F7-4668-BE54-9A1E7A4F7556}") = "BotSharp.Channel.Weixin", "Channels\BotSharp.Channel.Weixin\BotSharp.Channel.Weixin.csproj", "{281F2794-AB51-4CF9-9214-43A5F23D0F4F}"
EndProject
Project("{9A19103F-16F7-4668-BE54-9A1E7A4F7556}") = "BotSharp.Platform.Dialogflow", "Platforms\BotSharp.Platform.Dialogflow\BotSharp.Platform.Dialogflow.csproj", "{4F8100FF-431D-4AD2-8095-56350C36DD08}"
EndProject
Global
	GlobalSection(SolutionConfigurationPlatforms) = preSolution
		ARTICULATE|Any CPU = ARTICULATE|Any CPU
		ARTICULATE|x64 = ARTICULATE|x64
		Debug|Any CPU = Debug|Any CPU
		Debug|x64 = Debug|x64
		DIALOGFLOW|Any CPU = DIALOGFLOW|Any CPU
		DIALOGFLOW|x64 = DIALOGFLOW|x64
		RASA NLU|Any CPU = RASA NLU|Any CPU
		RASA NLU|x64 = RASA NLU|x64
		RASA|Any CPU = RASA|Any CPU
		RASA|x64 = RASA|x64
		Release|Any CPU = Release|Any CPU
		Release|x64 = Release|x64
	EndGlobalSection
	GlobalSection(ProjectConfigurationPlatforms) = postSolution
		{EAE30548-2631-4CF5-8EBC-DBF061E169B7}.ARTICULATE|Any CPU.ActiveCfg = Debug|Any CPU
		{EAE30548-2631-4CF5-8EBC-DBF061E169B7}.ARTICULATE|Any CPU.Build.0 = Debug|Any CPU
		{EAE30548-2631-4CF5-8EBC-DBF061E169B7}.ARTICULATE|x64.ActiveCfg = Debug|x64
		{EAE30548-2631-4CF5-8EBC-DBF061E169B7}.ARTICULATE|x64.Build.0 = Debug|x64
		{EAE30548-2631-4CF5-8EBC-DBF061E169B7}.Debug|Any CPU.ActiveCfg = Debug|Any CPU
		{EAE30548-2631-4CF5-8EBC-DBF061E169B7}.Debug|Any CPU.Build.0 = Debug|Any CPU
		{EAE30548-2631-4CF5-8EBC-DBF061E169B7}.Debug|x64.ActiveCfg = Debug|x64
		{EAE30548-2631-4CF5-8EBC-DBF061E169B7}.Debug|x64.Build.0 = Debug|x64
		{EAE30548-2631-4CF5-8EBC-DBF061E169B7}.DIALOGFLOW|Any CPU.ActiveCfg = Debug|Any CPU
		{EAE30548-2631-4CF5-8EBC-DBF061E169B7}.DIALOGFLOW|Any CPU.Build.0 = Debug|Any CPU
		{EAE30548-2631-4CF5-8EBC-DBF061E169B7}.DIALOGFLOW|x64.ActiveCfg = Debug|x64
		{EAE30548-2631-4CF5-8EBC-DBF061E169B7}.DIALOGFLOW|x64.Build.0 = Debug|x64
		{EAE30548-2631-4CF5-8EBC-DBF061E169B7}.RASA NLU|Any CPU.ActiveCfg = Release|Any CPU
		{EAE30548-2631-4CF5-8EBC-DBF061E169B7}.RASA NLU|Any CPU.Build.0 = Release|Any CPU
		{EAE30548-2631-4CF5-8EBC-DBF061E169B7}.RASA NLU|x64.ActiveCfg = Release|x64
		{EAE30548-2631-4CF5-8EBC-DBF061E169B7}.RASA NLU|x64.Build.0 = Release|x64
		{EAE30548-2631-4CF5-8EBC-DBF061E169B7}.RASA|Any CPU.ActiveCfg = Release|Any CPU
		{EAE30548-2631-4CF5-8EBC-DBF061E169B7}.RASA|Any CPU.Build.0 = Release|Any CPU
		{EAE30548-2631-4CF5-8EBC-DBF061E169B7}.RASA|x64.ActiveCfg = Release|x64
		{EAE30548-2631-4CF5-8EBC-DBF061E169B7}.RASA|x64.Build.0 = Release|x64
		{EAE30548-2631-4CF5-8EBC-DBF061E169B7}.Release|Any CPU.ActiveCfg = Release|Any CPU
		{EAE30548-2631-4CF5-8EBC-DBF061E169B7}.Release|Any CPU.Build.0 = Release|Any CPU
		{EAE30548-2631-4CF5-8EBC-DBF061E169B7}.Release|x64.ActiveCfg = Release|x64
		{EAE30548-2631-4CF5-8EBC-DBF061E169B7}.Release|x64.Build.0 = Release|x64
		{89D4AE72-81BE-4A48-A868-E344D91CDCB9}.ARTICULATE|Any CPU.ActiveCfg = Debug|Any CPU
		{89D4AE72-81BE-4A48-A868-E344D91CDCB9}.ARTICULATE|Any CPU.Build.0 = Debug|Any CPU
		{89D4AE72-81BE-4A48-A868-E344D91CDCB9}.ARTICULATE|x64.ActiveCfg = Debug|Any CPU
		{89D4AE72-81BE-4A48-A868-E344D91CDCB9}.ARTICULATE|x64.Build.0 = Debug|Any CPU
		{89D4AE72-81BE-4A48-A868-E344D91CDCB9}.Debug|Any CPU.ActiveCfg = Debug|Any CPU
		{89D4AE72-81BE-4A48-A868-E344D91CDCB9}.Debug|Any CPU.Build.0 = Debug|Any CPU
		{89D4AE72-81BE-4A48-A868-E344D91CDCB9}.Debug|x64.ActiveCfg = Debug|Any CPU
		{89D4AE72-81BE-4A48-A868-E344D91CDCB9}.Debug|x64.Build.0 = Debug|Any CPU
		{89D4AE72-81BE-4A48-A868-E344D91CDCB9}.DIALOGFLOW|Any CPU.ActiveCfg = Debug|Any CPU
		{89D4AE72-81BE-4A48-A868-E344D91CDCB9}.DIALOGFLOW|Any CPU.Build.0 = Debug|Any CPU
		{89D4AE72-81BE-4A48-A868-E344D91CDCB9}.DIALOGFLOW|x64.ActiveCfg = Debug|Any CPU
		{89D4AE72-81BE-4A48-A868-E344D91CDCB9}.DIALOGFLOW|x64.Build.0 = Debug|Any CPU
		{89D4AE72-81BE-4A48-A868-E344D91CDCB9}.RASA NLU|Any CPU.ActiveCfg = Release|Any CPU
		{89D4AE72-81BE-4A48-A868-E344D91CDCB9}.RASA NLU|Any CPU.Build.0 = Release|Any CPU
		{89D4AE72-81BE-4A48-A868-E344D91CDCB9}.RASA NLU|x64.ActiveCfg = Release|Any CPU
		{89D4AE72-81BE-4A48-A868-E344D91CDCB9}.RASA NLU|x64.Build.0 = Release|Any CPU
		{89D4AE72-81BE-4A48-A868-E344D91CDCB9}.RASA|Any CPU.ActiveCfg = Release|Any CPU
		{89D4AE72-81BE-4A48-A868-E344D91CDCB9}.RASA|Any CPU.Build.0 = Release|Any CPU
		{89D4AE72-81BE-4A48-A868-E344D91CDCB9}.RASA|x64.ActiveCfg = Release|Any CPU
		{89D4AE72-81BE-4A48-A868-E344D91CDCB9}.RASA|x64.Build.0 = Release|Any CPU
		{89D4AE72-81BE-4A48-A868-E344D91CDCB9}.Release|Any CPU.ActiveCfg = Release|Any CPU
		{89D4AE72-81BE-4A48-A868-E344D91CDCB9}.Release|Any CPU.Build.0 = Release|Any CPU
		{89D4AE72-81BE-4A48-A868-E344D91CDCB9}.Release|x64.ActiveCfg = Release|Any CPU
		{89D4AE72-81BE-4A48-A868-E344D91CDCB9}.Release|x64.Build.0 = Release|Any CPU
		{DDBFBB8C-106C-497F-8158-E50560814B07}.ARTICULATE|Any CPU.ActiveCfg = Debug|Any CPU
		{DDBFBB8C-106C-497F-8158-E50560814B07}.ARTICULATE|Any CPU.Build.0 = Debug|Any CPU
		{DDBFBB8C-106C-497F-8158-E50560814B07}.ARTICULATE|x64.ActiveCfg = Debug|Any CPU
		{DDBFBB8C-106C-497F-8158-E50560814B07}.ARTICULATE|x64.Build.0 = Debug|Any CPU
		{DDBFBB8C-106C-497F-8158-E50560814B07}.Debug|Any CPU.ActiveCfg = Debug|Any CPU
		{DDBFBB8C-106C-497F-8158-E50560814B07}.Debug|Any CPU.Build.0 = Debug|Any CPU
		{DDBFBB8C-106C-497F-8158-E50560814B07}.Debug|x64.ActiveCfg = Debug|Any CPU
		{DDBFBB8C-106C-497F-8158-E50560814B07}.Debug|x64.Build.0 = Debug|Any CPU
		{DDBFBB8C-106C-497F-8158-E50560814B07}.DIALOGFLOW|Any CPU.ActiveCfg = Debug|Any CPU
		{DDBFBB8C-106C-497F-8158-E50560814B07}.DIALOGFLOW|Any CPU.Build.0 = Debug|Any CPU
		{DDBFBB8C-106C-497F-8158-E50560814B07}.DIALOGFLOW|x64.ActiveCfg = Debug|Any CPU
		{DDBFBB8C-106C-497F-8158-E50560814B07}.DIALOGFLOW|x64.Build.0 = Debug|Any CPU
		{DDBFBB8C-106C-497F-8158-E50560814B07}.RASA NLU|Any CPU.ActiveCfg = Release|Any CPU
		{DDBFBB8C-106C-497F-8158-E50560814B07}.RASA NLU|Any CPU.Build.0 = Release|Any CPU
		{DDBFBB8C-106C-497F-8158-E50560814B07}.RASA NLU|x64.ActiveCfg = Release|Any CPU
		{DDBFBB8C-106C-497F-8158-E50560814B07}.RASA NLU|x64.Build.0 = Release|Any CPU
		{DDBFBB8C-106C-497F-8158-E50560814B07}.RASA|Any CPU.ActiveCfg = Release|Any CPU
		{DDBFBB8C-106C-497F-8158-E50560814B07}.RASA|Any CPU.Build.0 = Release|Any CPU
		{DDBFBB8C-106C-497F-8158-E50560814B07}.RASA|x64.ActiveCfg = Release|Any CPU
		{DDBFBB8C-106C-497F-8158-E50560814B07}.RASA|x64.Build.0 = Release|Any CPU
		{DDBFBB8C-106C-497F-8158-E50560814B07}.Release|Any CPU.ActiveCfg = Release|Any CPU
		{DDBFBB8C-106C-497F-8158-E50560814B07}.Release|Any CPU.Build.0 = Release|Any CPU
		{DDBFBB8C-106C-497F-8158-E50560814B07}.Release|x64.ActiveCfg = Release|Any CPU
		{DDBFBB8C-106C-497F-8158-E50560814B07}.Release|x64.Build.0 = Release|Any CPU
		{73258881-906C-4014-9453-614A98852733}.ARTICULATE|Any CPU.ActiveCfg = Debug|Any CPU
		{73258881-906C-4014-9453-614A98852733}.ARTICULATE|Any CPU.Build.0 = Debug|Any CPU
		{73258881-906C-4014-9453-614A98852733}.ARTICULATE|x64.ActiveCfg = Debug|Any CPU
		{73258881-906C-4014-9453-614A98852733}.ARTICULATE|x64.Build.0 = Debug|Any CPU
		{73258881-906C-4014-9453-614A98852733}.Debug|Any CPU.ActiveCfg = Debug|Any CPU
		{73258881-906C-4014-9453-614A98852733}.Debug|Any CPU.Build.0 = Debug|Any CPU
		{73258881-906C-4014-9453-614A98852733}.Debug|x64.ActiveCfg = Debug|Any CPU
		{73258881-906C-4014-9453-614A98852733}.Debug|x64.Build.0 = Debug|Any CPU
		{73258881-906C-4014-9453-614A98852733}.DIALOGFLOW|Any CPU.ActiveCfg = Debug|Any CPU
		{73258881-906C-4014-9453-614A98852733}.DIALOGFLOW|Any CPU.Build.0 = Debug|Any CPU
		{73258881-906C-4014-9453-614A98852733}.DIALOGFLOW|x64.ActiveCfg = Debug|Any CPU
		{73258881-906C-4014-9453-614A98852733}.DIALOGFLOW|x64.Build.0 = Debug|Any CPU
		{73258881-906C-4014-9453-614A98852733}.RASA NLU|Any CPU.ActiveCfg = Release|Any CPU
		{73258881-906C-4014-9453-614A98852733}.RASA NLU|Any CPU.Build.0 = Release|Any CPU
		{73258881-906C-4014-9453-614A98852733}.RASA NLU|x64.ActiveCfg = Release|Any CPU
		{73258881-906C-4014-9453-614A98852733}.RASA NLU|x64.Build.0 = Release|Any CPU
		{73258881-906C-4014-9453-614A98852733}.RASA|Any CPU.ActiveCfg = Release|Any CPU
		{73258881-906C-4014-9453-614A98852733}.RASA|Any CPU.Build.0 = Release|Any CPU
		{73258881-906C-4014-9453-614A98852733}.RASA|x64.ActiveCfg = Release|Any CPU
		{73258881-906C-4014-9453-614A98852733}.RASA|x64.Build.0 = Release|Any CPU
		{73258881-906C-4014-9453-614A98852733}.Release|Any CPU.ActiveCfg = Release|Any CPU
		{73258881-906C-4014-9453-614A98852733}.Release|Any CPU.Build.0 = Release|Any CPU
		{73258881-906C-4014-9453-614A98852733}.Release|x64.ActiveCfg = Release|Any CPU
		{73258881-906C-4014-9453-614A98852733}.Release|x64.Build.0 = Release|Any CPU
		{250B37D3-381E-4A08-9161-55A27FA9075F}.ARTICULATE|Any CPU.ActiveCfg = Debug|Any CPU
		{250B37D3-381E-4A08-9161-55A27FA9075F}.ARTICULATE|Any CPU.Build.0 = Debug|Any CPU
		{250B37D3-381E-4A08-9161-55A27FA9075F}.ARTICULATE|x64.ActiveCfg = Debug|Any CPU
		{250B37D3-381E-4A08-9161-55A27FA9075F}.ARTICULATE|x64.Build.0 = Debug|Any CPU
		{250B37D3-381E-4A08-9161-55A27FA9075F}.Debug|Any CPU.ActiveCfg = Debug|Any CPU
		{250B37D3-381E-4A08-9161-55A27FA9075F}.Debug|Any CPU.Build.0 = Debug|Any CPU
		{250B37D3-381E-4A08-9161-55A27FA9075F}.Debug|x64.ActiveCfg = Debug|Any CPU
		{250B37D3-381E-4A08-9161-55A27FA9075F}.Debug|x64.Build.0 = Debug|Any CPU
		{250B37D3-381E-4A08-9161-55A27FA9075F}.DIALOGFLOW|Any CPU.ActiveCfg = Debug|Any CPU
		{250B37D3-381E-4A08-9161-55A27FA9075F}.DIALOGFLOW|Any CPU.Build.0 = Debug|Any CPU
		{250B37D3-381E-4A08-9161-55A27FA9075F}.DIALOGFLOW|x64.ActiveCfg = Debug|Any CPU
		{250B37D3-381E-4A08-9161-55A27FA9075F}.DIALOGFLOW|x64.Build.0 = Debug|Any CPU
		{250B37D3-381E-4A08-9161-55A27FA9075F}.RASA NLU|Any CPU.ActiveCfg = Release|Any CPU
		{250B37D3-381E-4A08-9161-55A27FA9075F}.RASA NLU|Any CPU.Build.0 = Release|Any CPU
		{250B37D3-381E-4A08-9161-55A27FA9075F}.RASA NLU|x64.ActiveCfg = Release|Any CPU
		{250B37D3-381E-4A08-9161-55A27FA9075F}.RASA NLU|x64.Build.0 = Release|Any CPU
		{250B37D3-381E-4A08-9161-55A27FA9075F}.RASA|Any CPU.ActiveCfg = Release|Any CPU
		{250B37D3-381E-4A08-9161-55A27FA9075F}.RASA|Any CPU.Build.0 = Release|Any CPU
		{250B37D3-381E-4A08-9161-55A27FA9075F}.RASA|x64.ActiveCfg = Release|Any CPU
		{250B37D3-381E-4A08-9161-55A27FA9075F}.RASA|x64.Build.0 = Release|Any CPU
		{250B37D3-381E-4A08-9161-55A27FA9075F}.Release|Any CPU.ActiveCfg = Release|Any CPU
		{250B37D3-381E-4A08-9161-55A27FA9075F}.Release|Any CPU.Build.0 = Release|Any CPU
		{250B37D3-381E-4A08-9161-55A27FA9075F}.Release|x64.ActiveCfg = Release|Any CPU
		{250B37D3-381E-4A08-9161-55A27FA9075F}.Release|x64.Build.0 = Release|Any CPU
		{281F2794-AB51-4CF9-9214-43A5F23D0F4F}.ARTICULATE|Any CPU.ActiveCfg = Debug|Any CPU
		{281F2794-AB51-4CF9-9214-43A5F23D0F4F}.ARTICULATE|Any CPU.Build.0 = Debug|Any CPU
		{281F2794-AB51-4CF9-9214-43A5F23D0F4F}.ARTICULATE|x64.ActiveCfg = Debug|Any CPU
		{281F2794-AB51-4CF9-9214-43A5F23D0F4F}.ARTICULATE|x64.Build.0 = Debug|Any CPU
		{281F2794-AB51-4CF9-9214-43A5F23D0F4F}.Debug|Any CPU.ActiveCfg = Debug|Any CPU
		{281F2794-AB51-4CF9-9214-43A5F23D0F4F}.Debug|Any CPU.Build.0 = Debug|Any CPU
		{281F2794-AB51-4CF9-9214-43A5F23D0F4F}.Debug|x64.ActiveCfg = Debug|Any CPU
		{281F2794-AB51-4CF9-9214-43A5F23D0F4F}.Debug|x64.Build.0 = Debug|Any CPU
		{281F2794-AB51-4CF9-9214-43A5F23D0F4F}.DIALOGFLOW|Any CPU.ActiveCfg = Debug|Any CPU
		{281F2794-AB51-4CF9-9214-43A5F23D0F4F}.DIALOGFLOW|Any CPU.Build.0 = Debug|Any CPU
		{281F2794-AB51-4CF9-9214-43A5F23D0F4F}.DIALOGFLOW|x64.ActiveCfg = Debug|Any CPU
		{281F2794-AB51-4CF9-9214-43A5F23D0F4F}.DIALOGFLOW|x64.Build.0 = Debug|Any CPU
		{281F2794-AB51-4CF9-9214-43A5F23D0F4F}.RASA NLU|Any CPU.ActiveCfg = Release|Any CPU
		{281F2794-AB51-4CF9-9214-43A5F23D0F4F}.RASA NLU|Any CPU.Build.0 = Release|Any CPU
		{281F2794-AB51-4CF9-9214-43A5F23D0F4F}.RASA NLU|x64.ActiveCfg = Release|Any CPU
		{281F2794-AB51-4CF9-9214-43A5F23D0F4F}.RASA NLU|x64.Build.0 = Release|Any CPU
		{281F2794-AB51-4CF9-9214-43A5F23D0F4F}.RASA|Any CPU.ActiveCfg = Release|Any CPU
		{281F2794-AB51-4CF9-9214-43A5F23D0F4F}.RASA|Any CPU.Build.0 = Release|Any CPU
		{281F2794-AB51-4CF9-9214-43A5F23D0F4F}.RASA|x64.ActiveCfg = Release|Any CPU
		{281F2794-AB51-4CF9-9214-43A5F23D0F4F}.RASA|x64.Build.0 = Release|Any CPU
		{281F2794-AB51-4CF9-9214-43A5F23D0F4F}.Release|Any CPU.ActiveCfg = Release|Any CPU
		{281F2794-AB51-4CF9-9214-43A5F23D0F4F}.Release|Any CPU.Build.0 = Release|Any CPU
		{281F2794-AB51-4CF9-9214-43A5F23D0F4F}.Release|x64.ActiveCfg = Release|Any CPU
		{281F2794-AB51-4CF9-9214-43A5F23D0F4F}.Release|x64.Build.0 = Release|Any CPU
		{4F8100FF-431D-4AD2-8095-56350C36DD08}.ARTICULATE|Any CPU.ActiveCfg = Debug|Any CPU
		{4F8100FF-431D-4AD2-8095-56350C36DD08}.ARTICULATE|Any CPU.Build.0 = Debug|Any CPU
		{4F8100FF-431D-4AD2-8095-56350C36DD08}.ARTICULATE|x64.ActiveCfg = Debug|Any CPU
		{4F8100FF-431D-4AD2-8095-56350C36DD08}.ARTICULATE|x64.Build.0 = Debug|Any CPU
		{4F8100FF-431D-4AD2-8095-56350C36DD08}.Debug|Any CPU.ActiveCfg = Debug|Any CPU
		{4F8100FF-431D-4AD2-8095-56350C36DD08}.Debug|Any CPU.Build.0 = Debug|Any CPU
		{4F8100FF-431D-4AD2-8095-56350C36DD08}.Debug|x64.ActiveCfg = Debug|Any CPU
		{4F8100FF-431D-4AD2-8095-56350C36DD08}.Debug|x64.Build.0 = Debug|Any CPU
		{4F8100FF-431D-4AD2-8095-56350C36DD08}.DIALOGFLOW|Any CPU.ActiveCfg = Debug|Any CPU
		{4F8100FF-431D-4AD2-8095-56350C36DD08}.DIALOGFLOW|Any CPU.Build.0 = Debug|Any CPU
		{4F8100FF-431D-4AD2-8095-56350C36DD08}.DIALOGFLOW|x64.ActiveCfg = Debug|Any CPU
		{4F8100FF-431D-4AD2-8095-56350C36DD08}.DIALOGFLOW|x64.Build.0 = Debug|Any CPU
		{4F8100FF-431D-4AD2-8095-56350C36DD08}.RASA NLU|Any CPU.ActiveCfg = Release|Any CPU
		{4F8100FF-431D-4AD2-8095-56350C36DD08}.RASA NLU|Any CPU.Build.0 = Release|Any CPU
		{4F8100FF-431D-4AD2-8095-56350C36DD08}.RASA NLU|x64.ActiveCfg = Release|Any CPU
		{4F8100FF-431D-4AD2-8095-56350C36DD08}.RASA NLU|x64.Build.0 = Release|Any CPU
		{4F8100FF-431D-4AD2-8095-56350C36DD08}.RASA|Any CPU.ActiveCfg = Release|Any CPU
		{4F8100FF-431D-4AD2-8095-56350C36DD08}.RASA|Any CPU.Build.0 = Release|Any CPU
		{4F8100FF-431D-4AD2-8095-56350C36DD08}.RASA|x64.ActiveCfg = Release|Any CPU
		{4F8100FF-431D-4AD2-8095-56350C36DD08}.RASA|x64.Build.0 = Release|Any CPU
		{4F8100FF-431D-4AD2-8095-56350C36DD08}.Release|Any CPU.ActiveCfg = Release|Any CPU
		{4F8100FF-431D-4AD2-8095-56350C36DD08}.Release|Any CPU.Build.0 = Release|Any CPU
		{4F8100FF-431D-4AD2-8095-56350C36DD08}.Release|x64.ActiveCfg = Release|Any CPU
		{4F8100FF-431D-4AD2-8095-56350C36DD08}.Release|x64.Build.0 = Release|Any CPU
	EndGlobalSection
	GlobalSection(SolutionProperties) = preSolution
		HideSolutionNode = FALSE
	EndGlobalSection
	GlobalSection(NestedProjects) = preSolution
		{EAE30548-2631-4CF5-8EBC-DBF061E169B7} = {E29DC6C4-5E57-48C5-BCB0-6B8F84782749}
		{89D4AE72-81BE-4A48-A868-E344D91CDCB9} = {E29DC6C4-5E57-48C5-BCB0-6B8F84782749}
		{DDBFBB8C-106C-497F-8158-E50560814B07} = {E29DC6C4-5E57-48C5-BCB0-6B8F84782749}
		{73258881-906C-4014-9453-614A98852733} = {FFA662D3-B67B-478D-92FC-76DC5EB64412}
		{250B37D3-381E-4A08-9161-55A27FA9075F} = {FC2A12DB-AC88-41E4-A58C-9EEC6DAD91E1}
		{281F2794-AB51-4CF9-9214-43A5F23D0F4F} = {FC2A12DB-AC88-41E4-A58C-9EEC6DAD91E1}
		{4F8100FF-431D-4AD2-8095-56350C36DD08} = {FFA662D3-B67B-478D-92FC-76DC5EB64412}
	EndGlobalSection
	GlobalSection(ExtensibilityGlobals) = postSolution
		SolutionGuid = {A9969D89-C98B-40A5-A12B-FC87E55B3A19}
	EndGlobalSection
EndGlobal
